
Microsoft Visual Studio Solution File, Format Version 12.00
# Visual Studio Version 16
VisualStudioVersion = 16.0.29728.190
MinimumVisualStudioVersion = 10.0.40219.1
Project("{FAE04EC0-301F-11D3-BF4B-00C04F79EFBC}") = "Git_Test", "Git_Test\Git_Test.csproj", "{4859120E-1EDD-4A9A-B23F-334B7D91C3ED}"
EndProject
Global
	GlobalSection(SolutionConfigurationPlatforms) = preSolution
		Debug|Any CPU = Debug|Any CPU
		Release|Any CPU = Release|Any CPU
	EndGlobalSection
	GlobalSection(ProjectConfigurationPlatforms) = postSolution
		{4859120E-1EDD-4A9A-B23F-334B7D91C3ED}.Debug|Any CPU.ActiveCfg = Debug|Any CPU
		{4859120E-1EDD-4A9A-B23F-334B7D91C3ED}.Debug|Any CPU.Build.0 = Debug|Any CPU
		{4859120E-1EDD-4A9A-B23F-334B7D91C3ED}.Release|Any CPU.ActiveCfg = Release|Any CPU
		{4859120E-1EDD-4A9A-B23F-334B7D91C3ED}.Release|Any CPU.Build.0 = Release|Any CPU
	EndGlobalSection
	GlobalSection(SolutionProperties) = preSolution
		HideSolutionNode = FALSE
	EndGlobalSection
	GlobalSection(ExtensibilityGlobals) = postSolution
		SolutionGuid = {E1122E12-F31E-4E9A-A18E-BBC73A21D170}
	EndGlobalSection
EndGlobal
